
Microsoft Visual Studio Solution File, Format Version 12.00
# Visual Studio Version 17
VisualStudioVersion = 17.7.34221.43
MinimumVisualStudioVersion = 10.0.40219.1
Project("{9A19103F-16F7-4668-BE54-9A1E7A4F7556}") = "PetHaul", "PetHaul.csproj", "{BD7305A7-5CD9-4AED-B570-A5C01CDBD224}"
EndProject
Global
	GlobalSection(SolutionConfigurationPlatforms) = preSolution
		Debug|Any CPU = Debug|Any CPU
		Release|Any CPU = Release|Any CPU
	EndGlobalSection
	GlobalSection(ProjectConfigurationPlatforms) = postSolution
		{BD7305A7-5CD9-4AED-B570-A5C01CDBD224}.Debug|Any CPU.ActiveCfg = Debug|Any CPU
		{BD7305A7-5CD9-4AED-B570-A5C01CDBD224}.Debug|Any CPU.Build.0 = Debug|Any CPU
		{BD7305A7-5CD9-4AED-B570-A5C01CDBD224}.Release|Any CPU.ActiveCfg = Release|Any CPU
		{BD7305A7-5CD9-4AED-B570-A5C01CDBD224}.Release|Any CPU.Build.0 = Release|Any CPU
	EndGlobalSection
	GlobalSection(SolutionProperties) = preSolution
		HideSolutionNode = FALSE
	EndGlobalSection
	GlobalSection(ExtensibilityGlobals) = postSolution
		SolutionGuid = {3D36EF59-2175-48ED-91B5-46A5FAE81C3A}
	EndGlobalSection
EndGlobal
